
Microsoft Visual Studio Solution File, Format Version 12.00
# Visual Studio Version 17
VisualStudioVersion = 17.2.32519.379
MinimumVisualStudioVersion = 10.0.40219.1
Project("{F184B08F-C81C-45F6-A57F-5ABD9991F28F}") = "RestartAopApps", "RestartAopApps.vbproj", "{383A3D88-DC4A-4D32-A334-73155F638578}"
EndProject
Global
	GlobalSection(SolutionConfigurationPlatforms) = preSolution
		Debug|Any CPU = Debug|Any CPU
		Release|Any CPU = Release|Any CPU
	EndGlobalSection
	GlobalSection(ProjectConfigurationPlatforms) = postSolution
		{383A3D88-DC4A-4D32-A334-73155F638578}.Debug|Any CPU.ActiveCfg = Debug|Any CPU
		{383A3D88-DC4A-4D32-A334-73155F638578}.Debug|Any CPU.Build.0 = Debug|Any CPU
		{383A3D88-DC4A-4D32-A334-73155F638578}.Release|Any CPU.ActiveCfg = Release|Any CPU
		{383A3D88-DC4A-4D32-A334-73155F638578}.Release|Any CPU.Build.0 = Release|Any CPU
	EndGlobalSection
	GlobalSection(SolutionProperties) = preSolution
		HideSolutionNode = FALSE
	EndGlobalSection
	GlobalSection(ExtensibilityGlobals) = postSolution
		SolutionGuid = {5D9FD24C-510F-4D68-941B-270A5B82B18A}
	EndGlobalSection
EndGlobal
